
Microsoft Visual Studio Solution File, Format Version 12.00
# Visual Studio 15
VisualStudioVersion = 15.0.27703.2047
MinimumVisualStudioVersion = 10.0.40219.1
Project("{FAE04EC0-301F-11D3-BF4B-00C04F79EFBC}") = "SampleDataOper", "SampleDataOper\SampleDataOper.csproj", "{B28A44C0-49BA-4687-8A38-ADDAA7DE1943}"
EndProject
Project("{FAE04EC0-301F-11D3-BF4B-00C04F79EFBC}") = "SG.DdApi", "..\打样流程管理\DdApi\SG.DdApi.csproj", "{2DF7E39E-D790-49AB-A130-7CECF22B1541}"
EndProject
Project("{FAE04EC0-301F-11D3-BF4B-00C04F79EFBC}") = "SG.Utilities", "..\..\老项目\Visual Studio 2015\内部管理系统\SG.Utilities\SG.Utilities.csproj", "{7A9E54B1-D54D-4AF2-99E9-06E9BAFF4846}"
EndProject
Project("{2150E333-8FDC-42A3-9474-1A3956D46DE8}") = "BLl", "BLl", "{463DAE18-9704-4642-8332-2A2E686202E8}"
EndProject
Project("{2150E333-8FDC-42A3-9474-1A3956D46DE8}") = "Web", "Web", "{F1B76E96-57B6-40EF-B248-DD0BB9B99327}"
EndProject
Project("{FAE04EC0-301F-11D3-BF4B-00C04F79EFBC}") = "SampleApi", "SampleApi\SampleApi.csproj", "{57A8A62D-A00B-4ABF-81CD-06018684AE98}"
EndProject
Project("{FAE04EC0-301F-11D3-BF4B-00C04F79EFBC}") = "SG.SessionManage", "SessionManage\SG.SessionManage.csproj", "{98ED601D-C798-400B-9258-B9123B2072C5}"
EndProject
Project("{FAE04EC0-301F-11D3-BF4B-00C04F79EFBC}") = "ConsoleApp1", "ConsoleApp1\ConsoleApp1.csproj", "{056D4A86-163D-444D-9D4C-69872288A58F}"
EndProject
Project("{FAE04EC0-301F-11D3-BF4B-00C04F79EFBC}") = "TopSdk", "DdServerApi\TopSdk.csproj", "{9C11CAE5-5188-4E71-825B-68FC3135728A}"
EndProject
Project("{FAE04EC0-301F-11D3-BF4B-00C04F79EFBC}") = "SampleBLL", "SampleBLL\SampleBLL.csproj", "{05806EBF-4D3B-4A2C-831D-963BCAE85D79}"
EndProject
Project("{2150E333-8FDC-42A3-9474-1A3956D46DE8}") = "DAO", "DAO", "{BD189EF6-2FDD-4808-94E4-C29950C06E5A}"
EndProject
Project("{FAE04EC0-301F-11D3-BF4B-00C04F79EFBC}") = "SysBLL", "SysBLL\SysBLL.csproj", "{B923E651-64A0-4BEE-81BA-317E5B712749}"
EndProject
Project("{2150E333-8FDC-42A3-9474-1A3956D46DE8}") = "Common", "Common", "{B9FC948A-D940-4404-A961-5911EF4947EC}"
EndProject
Project("{FAE04EC0-301F-11D3-BF4B-00C04F79EFBC}") = "SG.Interface", "IBLL\SG.Interface.csproj", "{D89EFAD8-9536-42C5-B9B3-902E3ED88AFE}"
EndProject
Project("{FAE04EC0-301F-11D3-BF4B-00C04F79EFBC}") = "SG.Model", "Model\SG.Model.csproj", "{3475771B-01A1-4F5C-AE9D-866D9DA8D6E5}"
EndProject
Global
	GlobalSection(SolutionConfigurationPlatforms) = preSolution
		Debug|Any CPU = Debug|Any CPU
		Release|Any CPU = Release|Any CPU
	EndGlobalSection
	GlobalSection(ProjectConfigurationPlatforms) = postSolution
		{B28A44C0-49BA-4687-8A38-ADDAA7DE1943}.Debug|Any CPU.ActiveCfg = Debug|Any CPU
		{B28A44C0-49BA-4687-8A38-ADDAA7DE1943}.Debug|Any CPU.Build.0 = Debug|Any CPU
		{B28A44C0-49BA-4687-8A38-ADDAA7DE1943}.Release|Any CPU.ActiveCfg = Release|Any CPU
		{B28A44C0-49BA-4687-8A38-ADDAA7DE1943}.Release|Any CPU.Build.0 = Release|Any CPU
		{2DF7E39E-D790-49AB-A130-7CECF22B1541}.Debug|Any CPU.ActiveCfg = Debug|Any CPU
		{2DF7E39E-D790-49AB-A130-7CECF22B1541}.Debug|Any CPU.Build.0 = Debug|Any CPU
		{2DF7E39E-D790-49AB-A130-7CECF22B1541}.Release|Any CPU.ActiveCfg = Release|Any CPU
		{2DF7E39E-D790-49AB-A130-7CECF22B1541}.Release|Any CPU.Build.0 = Release|Any CPU
		{7A9E54B1-D54D-4AF2-99E9-06E9BAFF4846}.Debug|Any CPU.ActiveCfg = Debug|Any CPU
		{7A9E54B1-D54D-4AF2-99E9-06E9BAFF4846}.Debug|Any CPU.Build.0 = Debug|Any CPU
		{7A9E54B1-D54D-4AF2-99E9-06E9BAFF4846}.Release|Any CPU.ActiveCfg = Release|Any CPU
		{7A9E54B1-D54D-4AF2-99E9-06E9BAFF4846}.Release|Any CPU.Build.0 = Release|Any CPU
		{57A8A62D-A00B-4ABF-81CD-06018684AE98}.Debug|Any CPU.ActiveCfg = Debug|Any CPU
		{57A8A62D-A00B-4ABF-81CD-06018684AE98}.Debug|Any CPU.Build.0 = Debug|Any CPU
		{57A8A62D-A00B-4ABF-81CD-06018684AE98}.Release|Any CPU.ActiveCfg = Release|Any CPU
		{57A8A62D-A00B-4ABF-81CD-06018684AE98}.Release|Any CPU.Build.0 = Release|Any CPU
		{98ED601D-C798-400B-9258-B9123B2072C5}.Debug|Any CPU.ActiveCfg = Debug|Any CPU
		{98ED601D-C798-400B-9258-B9123B2072C5}.Debug|Any CPU.Build.0 = Debug|Any CPU
		{98ED601D-C798-400B-9258-B9123B2072C5}.Release|Any CPU.ActiveCfg = Release|Any CPU
		{98ED601D-C798-400B-9258-B9123B2072C5}.Release|Any CPU.Build.0 = Release|Any CPU
		{056D4A86-163D-444D-9D4C-69872288A58F}.Debug|Any CPU.ActiveCfg = Debug|Any CPU
		{056D4A86-163D-444D-9D4C-69872288A58F}.Debug|Any CPU.Build.0 = Debug|Any CPU
		{056D4A86-163D-444D-9D4C-69872288A58F}.Release|Any CPU.ActiveCfg = Release|Any CPU
		{056D4A86-163D-444D-9D4C-69872288A58F}.Release|Any CPU.Build.0 = Release|Any CPU
		{9C11CAE5-5188-4E71-825B-68FC3135728A}.Debug|Any CPU.ActiveCfg = Debug|Any CPU
		{9C11CAE5-5188-4E71-825B-68FC3135728A}.Debug|Any CPU.Build.0 = Debug|Any CPU
		{9C11CAE5-5188-4E71-825B-68FC3135728A}.Release|Any CPU.ActiveCfg = Release|Any CPU
		{9C11CAE5-5188-4E71-825B-68FC3135728A}.Release|Any CPU.Build.0 = Release|Any CPU
		{05806EBF-4D3B-4A2C-831D-963BCAE85D79}.Debug|Any CPU.ActiveCfg = Debug|Any CPU
		{05806EBF-4D3B-4A2C-831D-963BCAE85D79}.Debug|Any CPU.Build.0 = Debug|Any CPU
		{05806EBF-4D3B-4A2C-831D-963BCAE85D79}.Release|Any CPU.ActiveCfg = Release|Any CPU
		{05806EBF-4D3B-4A2C-831D-963BCAE85D79}.Release|Any CPU.Build.0 = Release|Any CPU
		{B923E651-64A0-4BEE-81BA-317E5B712749}.Debug|Any CPU.ActiveCfg = Debug|Any CPU
		{B923E651-64A0-4BEE-81BA-317E5B712749}.Debug|Any CPU.Build.0 = Debug|Any CPU
		{B923E651-64A0-4BEE-81BA-317E5B712749}.Release|Any CPU.ActiveCfg = Release|Any CPU
		{B923E651-64A0-4BEE-81BA-317E5B712749}.Release|Any CPU.Build.0 = Release|Any CPU
		{D89EFAD8-9536-42C5-B9B3-902E3ED88AFE}.Debug|Any CPU.ActiveCfg = Debug|Any CPU
		{D89EFAD8-9536-42C5-B9B3-902E3ED88AFE}.Debug|Any CPU.Build.0 = Debug|Any CPU
		{D89EFAD8-9536-42C5-B9B3-902E3ED88AFE}.Release|Any CPU.ActiveCfg = Release|Any CPU
		{D89EFAD8-9536-42C5-B9B3-902E3ED88AFE}.Release|Any CPU.Build.0 = Release|Any CPU
		{3475771B-01A1-4F5C-AE9D-866D9DA8D6E5}.Debug|Any CPU.ActiveCfg = Debug|Any CPU
		{3475771B-01A1-4F5C-AE9D-866D9DA8D6E5}.Debug|Any CPU.Build.0 = Debug|Any CPU
		{3475771B-01A1-4F5C-AE9D-866D9DA8D6E5}.Release|Any CPU.ActiveCfg = Release|Any CPU
		{3475771B-01A1-4F5C-AE9D-866D9DA8D6E5}.Release|Any CPU.Build.0 = Release|Any CPU
	EndGlobalSection
	GlobalSection(SolutionProperties) = preSolution
		HideSolutionNode = FALSE
	EndGlobalSection
	GlobalSection(NestedProjects) = preSolution
		{B28A44C0-49BA-4687-8A38-ADDAA7DE1943} = {BD189EF6-2FDD-4808-94E4-C29950C06E5A}
		{2DF7E39E-D790-49AB-A130-7CECF22B1541} = {B9FC948A-D940-4404-A961-5911EF4947EC}
		{7A9E54B1-D54D-4AF2-99E9-06E9BAFF4846} = {B9FC948A-D940-4404-A961-5911EF4947EC}
		{57A8A62D-A00B-4ABF-81CD-06018684AE98} = {F1B76E96-57B6-40EF-B248-DD0BB9B99327}
		{98ED601D-C798-400B-9258-B9123B2072C5} = {B9FC948A-D940-4404-A961-5911EF4947EC}
		{056D4A86-163D-444D-9D4C-69872288A58F} = {F1B76E96-57B6-40EF-B248-DD0BB9B99327}
		{9C11CAE5-5188-4E71-825B-68FC3135728A} = {B9FC948A-D940-4404-A961-5911EF4947EC}
		{05806EBF-4D3B-4A2C-831D-963BCAE85D79} = {463DAE18-9704-4642-8332-2A2E686202E8}
		{B923E651-64A0-4BEE-81BA-317E5B712749} = {463DAE18-9704-4642-8332-2A2E686202E8}
		{D89EFAD8-9536-42C5-B9B3-902E3ED88AFE} = {B9FC948A-D940-4404-A961-5911EF4947EC}
		{3475771B-01A1-4F5C-AE9D-866D9DA8D6E5} = {B9FC948A-D940-4404-A961-5911EF4947EC}
	EndGlobalSection
	GlobalSection(ExtensibilityGlobals) = postSolution
		SolutionGuid = {C3FDC70B-E140-4C69-B2C0-376C2F9D1508}
	EndGlobalSection
EndGlobal
